
Microsoft Visual Studio Solution File, Format Version 12.00
# Visual Studio Version 16
VisualStudioVersion = 16.0.31624.102
MinimumVisualStudioVersion = 10.0.40219.1
Project("{FAE04EC0-301F-11D3-BF4B-00C04F79EFBC}") = "Ex31_observerPatternOPG4", "Ex31_observerPatternOPG4\Ex31_observerPatternOPG4.csproj", "{60CC431C-508A-4C32-B5CB-2BDAFEA6DE00}"
EndProject
Global
	GlobalSection(SolutionConfigurationPlatforms) = preSolution
		Debug|Any CPU = Debug|Any CPU
		Release|Any CPU = Release|Any CPU
	EndGlobalSection
	GlobalSection(ProjectConfigurationPlatforms) = postSolution
		{60CC431C-508A-4C32-B5CB-2BDAFEA6DE00}.Debug|Any CPU.ActiveCfg = Debug|Any CPU
		{60CC431C-508A-4C32-B5CB-2BDAFEA6DE00}.Debug|Any CPU.Build.0 = Debug|Any CPU
		{60CC431C-508A-4C32-B5CB-2BDAFEA6DE00}.Release|Any CPU.ActiveCfg = Release|Any CPU
		{60CC431C-508A-4C32-B5CB-2BDAFEA6DE00}.Release|Any CPU.Build.0 = Release|Any CPU
	EndGlobalSection
	GlobalSection(SolutionProperties) = preSolution
		HideSolutionNode = FALSE
	EndGlobalSection
	GlobalSection(ExtensibilityGlobals) = postSolution
		SolutionGuid = {43CF3F2B-9233-4E4A-9B91-F5D6D4FF9CD9}
	EndGlobalSection
EndGlobal
