
Microsoft Visual Studio Solution File, Format Version 12.00
# Visual Studio Version 16
VisualStudioVersion = 16.0.31624.102
MinimumVisualStudioVersion = 10.0.40219.1
Project("{9A19103F-16F7-4668-BE54-9A1E7A4F7556}") = "Ex06 - UnitTest Uden Array", "Ex06 - UnitTest Uden Array.csproj", "{0C1E215B-DB84-447E-B952-3BDCF85EE1E0}"
EndProject
Project("{FAE04EC0-301F-11D3-BF4B-00C04F79EFBC}") = "Array Method", "..\Array Method\Array Method.csproj", "{8EF46E0A-0A54-4568-96FE-570C4F7C131D}"
EndProject
Global
	GlobalSection(SolutionConfigurationPlatforms) = preSolution
		Debug|Any CPU = Debug|Any CPU
		Release|Any CPU = Release|Any CPU
	EndGlobalSection
	GlobalSection(ProjectConfigurationPlatforms) = postSolution
		{0C1E215B-DB84-447E-B952-3BDCF85EE1E0}.Debug|Any CPU.ActiveCfg = Debug|Any CPU
		{0C1E215B-DB84-447E-B952-3BDCF85EE1E0}.Debug|Any CPU.Build.0 = Debug|Any CPU
		{0C1E215B-DB84-447E-B952-3BDCF85EE1E0}.Release|Any CPU.ActiveCfg = Release|Any CPU
		{0C1E215B-DB84-447E-B952-3BDCF85EE1E0}.Release|Any CPU.Build.0 = Release|Any CPU
		{8EF46E0A-0A54-4568-96FE-570C4F7C131D}.Debug|Any CPU.ActiveCfg = Debug|Any CPU
		{8EF46E0A-0A54-4568-96FE-570C4F7C131D}.Debug|Any CPU.Build.0 = Debug|Any CPU
		{8EF46E0A-0A54-4568-96FE-570C4F7C131D}.Release|Any CPU.ActiveCfg = Release|Any CPU
		{8EF46E0A-0A54-4568-96FE-570C4F7C131D}.Release|Any CPU.Build.0 = Release|Any CPU
	EndGlobalSection
	GlobalSection(SolutionProperties) = preSolution
		HideSolutionNode = FALSE
	EndGlobalSection
	GlobalSection(ExtensibilityGlobals) = postSolution
		SolutionGuid = {954C21F8-2639-4339-B8D2-93185C0B6B92}
	EndGlobalSection
EndGlobal
