
Microsoft Visual Studio Solution File, Format Version 12.00
# Visual Studio Version 16
VisualStudioVersion = 16.0.31624.102
MinimumVisualStudioVersion = 10.0.40219.1
Project("{FAE04EC0-301F-11D3-BF4B-00C04F79EFBC}") = "TusindfrydWPF", "TusindfrydWPF.csproj", "{2CEE896B-3741-42BF-BB47-7CFFDAF70999}"
EndProject
Global
	GlobalSection(SolutionConfigurationPlatforms) = preSolution
		Debug|Any CPU = Debug|Any CPU
		Release|Any CPU = Release|Any CPU
	EndGlobalSection
	GlobalSection(ProjectConfigurationPlatforms) = postSolution
		{2CEE896B-3741-42BF-BB47-7CFFDAF70999}.Debug|Any CPU.ActiveCfg = Debug|Any CPU
		{2CEE896B-3741-42BF-BB47-7CFFDAF70999}.Debug|Any CPU.Build.0 = Debug|Any CPU
		{2CEE896B-3741-42BF-BB47-7CFFDAF70999}.Release|Any CPU.ActiveCfg = Release|Any CPU
		{2CEE896B-3741-42BF-BB47-7CFFDAF70999}.Release|Any CPU.Build.0 = Release|Any CPU
	EndGlobalSection
	GlobalSection(SolutionProperties) = preSolution
		HideSolutionNode = FALSE
	EndGlobalSection
	GlobalSection(ExtensibilityGlobals) = postSolution
		SolutionGuid = {1BBCA8B0-5B57-4364-A87E-067FBA087156}
	EndGlobalSection
EndGlobal
