
Microsoft Visual Studio Solution File, Format Version 12.00
# Visual Studio Version 16
VisualStudioVersion = 16.0.31829.152
MinimumVisualStudioVersion = 10.0.40219.1
Project("{FAE04EC0-301F-11D3-BF4B-00C04F79EFBC}") = "ObserverPattern", "ObserverPattern\ObserverPattern.csproj", "{AB4727EE-6809-4C44-87FE-0CB2A904A4A7}"
EndProject
Project("{FAE04EC0-301F-11D3-BF4B-00C04F79EFBC}") = "TestObserverPattern", "TestObserverPattern\TestObserverPattern.csproj", "{3629BB58-C8DB-422B-A6D5-1A3373D62556}"
EndProject
Global
	GlobalSection(SolutionConfigurationPlatforms) = preSolution
		Debug|Any CPU = Debug|Any CPU
		Release|Any CPU = Release|Any CPU
	EndGlobalSection
	GlobalSection(ProjectConfigurationPlatforms) = postSolution
		{AB4727EE-6809-4C44-87FE-0CB2A904A4A7}.Debug|Any CPU.ActiveCfg = Debug|Any CPU
		{AB4727EE-6809-4C44-87FE-0CB2A904A4A7}.Debug|Any CPU.Build.0 = Debug|Any CPU
		{AB4727EE-6809-4C44-87FE-0CB2A904A4A7}.Release|Any CPU.ActiveCfg = Release|Any CPU
		{AB4727EE-6809-4C44-87FE-0CB2A904A4A7}.Release|Any CPU.Build.0 = Release|Any CPU
		{3629BB58-C8DB-422B-A6D5-1A3373D62556}.Debug|Any CPU.ActiveCfg = Debug|Any CPU
		{3629BB58-C8DB-422B-A6D5-1A3373D62556}.Debug|Any CPU.Build.0 = Debug|Any CPU
		{3629BB58-C8DB-422B-A6D5-1A3373D62556}.Release|Any CPU.ActiveCfg = Release|Any CPU
		{3629BB58-C8DB-422B-A6D5-1A3373D62556}.Release|Any CPU.Build.0 = Release|Any CPU
	EndGlobalSection
	GlobalSection(SolutionProperties) = preSolution
		HideSolutionNode = FALSE
	EndGlobalSection
	GlobalSection(ExtensibilityGlobals) = postSolution
		SolutionGuid = {5DF451B2-5900-4310-AA08-E39C6E56DE11}
	EndGlobalSection
EndGlobal
